
Microsoft Visual Studio Solution File, Format Version 12.00
# Visual Studio Version 17
VisualStudioVersion = 17.11.35431.28
MinimumVisualStudioVersion = 10.0.40219.1
Project("{9A19103F-16F7-4668-BE54-9A1E7A4F7556}") = "RangoDefinidoApp", "RangoDefinidoApp\RangoDefinidoApp.csproj", "{02839573-064C-4ADC-85F3-879AEF9D0070}"
EndProject
Project("{9A19103F-16F7-4668-BE54-9A1E7A4F7556}") = "SistemaDeEncuestas", "SistemaDeEncuestas\SistemaDeEncuestas.csproj", "{6887F478-3434-4D3F-9141-090CD3E6986B}"
EndProject
Global
	GlobalSection(SolutionConfigurationPlatforms) = preSolution
		Debug|Any CPU = Debug|Any CPU
		Release|Any CPU = Release|Any CPU
	EndGlobalSection
	GlobalSection(ProjectConfigurationPlatforms) = postSolution
		{02839573-064C-4ADC-85F3-879AEF9D0070}.Debug|Any CPU.ActiveCfg = Debug|Any CPU
		{02839573-064C-4ADC-85F3-879AEF9D0070}.Debug|Any CPU.Build.0 = Debug|Any CPU
		{02839573-064C-4ADC-85F3-879AEF9D0070}.Release|Any CPU.ActiveCfg = Release|Any CPU
		{02839573-064C-4ADC-85F3-879AEF9D0070}.Release|Any CPU.Build.0 = Release|Any CPU
		{6887F478-3434-4D3F-9141-090CD3E6986B}.Debug|Any CPU.ActiveCfg = Debug|Any CPU
		{6887F478-3434-4D3F-9141-090CD3E6986B}.Debug|Any CPU.Build.0 = Debug|Any CPU
		{6887F478-3434-4D3F-9141-090CD3E6986B}.Release|Any CPU.ActiveCfg = Release|Any CPU
		{6887F478-3434-4D3F-9141-090CD3E6986B}.Release|Any CPU.Build.0 = Release|Any CPU
	EndGlobalSection
	GlobalSection(SolutionProperties) = preSolution
		HideSolutionNode = FALSE
	EndGlobalSection
	GlobalSection(ExtensibilityGlobals) = postSolution
		SolutionGuid = {2240EF75-CC3A-45DC-999B-6B0CB9A40300}
	EndGlobalSection
EndGlobal
